// !$*UTF8*$!
{
	archiveVersion = 1;
	classes = {
	};
	objectVersion = 56;
	objects = {

/* Begin PBXBuildFile section */
		5E71CCCA2B6C47620010B9A7 /* AppDelegate.m in Sources */ = {isa = PBXBuildFile; fileRef = 5E71CCC92B6C47620010B9A7 /* AppDelegate.m */; };
		5E71CCCD2B6C47620010B9A7 /* SceneDelegate.m in Sources */ = {isa = PBXBuildFile; fileRef = 5E71CCCC2B6C47620010B9A7 /* SceneDelegate.m */; };
		5E71CCD02B6C47620010B9A7 /* ViewController.m in Sources */ = {isa = PBXBuildFile; fileRef = 5E71CCCF2B6C47620010B9A7 /* ViewController.m */; };
		5E71CCD32B6C47620010B9A7 /* Main.storyboard in Resources */ = {isa = PBXBuildFile; fileRef = 5E71CCD12B6C47620010B9A7 /* Main.storyboard */; };
		5E71CCD52B6C47640010B9A7 /* Assets.xcassets in Resources */ = {isa = PBXBuildFile; fileRef = 5E71CCD42B6C47640010B9A7 /* Assets.xcassets */; };
		5E71CCD82B6C47640010B9A7 /* LaunchScreen.storyboard in Resources */ = {isa = PBXBuildFile; fileRef = 5E71CCD62B6C47640010B9A7 /* LaunchScreen.storyboard */; };
		5E71CCDB2B6C47640010B9A7 /* main.m in Sources */ = {isa = PBXBuildFile; fileRef = 5E71CCDA2B6C47640010B9A7 /* main.m */; };
		5E71CCE52B6C47640010B9A7 /* litcal_iosTests.m in Sources */ = {isa = PBXBuildFile; fileRef = 5E71CCE42B6C47640010B9A7 /* litcal_iosTests.m */; };
		5E71CCEF2B6C47640010B9A7 /* litcal_iosUITests.m in Sources */ = {isa = PBXBuildFile; fileRef = 5E71CCEE2B6C47640010B9A7 /* litcal_iosUITests.m */; };
		5E71CCF12B6C47640010B9A7 /* litcal_iosUITestsLaunchTests.m in Sources */ = {isa = PBXBuildFile; fileRef = 5E71CCF02B6C47640010B9A7 /* litcal_iosUITestsLaunchTests.m */; };
		5E852BEB2B6EB1BA0030F938 /* TiemposHeadline-Medium.ttf in Resources */ = {isa = PBXBuildFile; fileRef = 5E852BE82B6EB1BA0030F938 /* TiemposHeadline-Medium.ttf */; };
		5E852BEC2B6EB1BA0030F938 /* EuclidSquare-Regular.ttf in Resources */ = {isa = PBXBuildFile; fileRef = 5E852BE92B6EB1BA0030F938 /* EuclidSquare-Regular.ttf */; };
		5E852BED2B6EB1BA0030F938 /* EuclidSquare-Semibold.ttf in Resources */ = {isa = PBXBuildFile; fileRef = 5E852BEA2B6EB1BA0030F938 /* EuclidSquare-Semibold.ttf */; };
		5E9E1D742BC0302D0054333C /* DotView.m in Sources */ = {isa = PBXBuildFile; fileRef = 5E9E1D732BC0302D0054333C /* DotView.m */; };
		5EA347142BB373BF00E2DF5A /* errors.c in Sources */ = {isa = PBXBuildFile; fileRef = 5EA347102BB373BF00E2DF5A /* errors.c */; };
		5EA347152BB373BF00E2DF5A /* litdb.c in Sources */ = {isa = PBXBuildFile; fileRef = 5EA347122BB373BF00E2DF5A /* litdb.c */; };
		5EA347172BB373D900E2DF5A /* liblitdb.a in Frameworks */ = {isa = PBXBuildFile; fileRef = 5EA347052BB3735700E2DF5A /* liblitdb.a */; };
		5EA3471B2BB374BC00E2DF5A /* LitCelebrationBridge.m in Sources */ = {isa = PBXBuildFile; fileRef = 5EA3471A2BB374BC00E2DF5A /* LitCelebrationBridge.m */; };
		5EA3471E2BB3795300E2DF5A /* libsqlite3.tbd in Frameworks */ = {isa = PBXBuildFile; fileRef = 5EA3471D2BB3794B00E2DF5A /* libsqlite3.tbd */; };
		5EA347212BB37CE200E2DF5A /* litcal.sqlite in Resources */ = {isa = PBXBuildFile; fileRef = 5EA347202BB37CE200E2DF5A /* litcal.sqlite */; };
		5EB0F0AB2BBE4C5800D4D8E8 /* GradientView.m in Sources */ = {isa = PBXBuildFile; fileRef = 5EB0F0AA2BBE4C5800D4D8E8 /* GradientView.m */; };
		5EBBED702BBC5C0E0059BBD6 /* HolyDaysController.m in Sources */ = {isa = PBXBuildFile; fileRef = 5EBBED6F2BBC5C0E0059BBD6 /* HolyDaysController.m */; };
		5EBBED732BBC7E6D0059BBD6 /* dates.m in Sources */ = {isa = PBXBuildFile; fileRef = 5EBBED722BBC7E6D0059BBD6 /* dates.m */; };
		5EBBED762BBDC9990059BBD6 /* colors.m in Sources */ = {isa = PBXBuildFile; fileRef = 5EBBED752BBDC9990059BBD6 /* colors.m */; };
		5EDBEF0B2BC0D7E8005FBAF2 /* WidgetKit.framework in Frameworks */ = {isa = PBXBuildFile; fileRef = 5EDBEF0A2BC0D7E8005FBAF2 /* WidgetKit.framework */; };
		5EDBEF0D2BC0D7E8005FBAF2 /* SwiftUI.framework in Frameworks */ = {isa = PBXBuildFile; fileRef = 5EDBEF0C2BC0D7E8005FBAF2 /* SwiftUI.framework */; };
		5EDBEF102BC0D7E8005FBAF2 /* todaywidgetBundle.swift in Sources */ = {isa = PBXBuildFile; fileRef = 5EDBEF0F2BC0D7E8005FBAF2 /* todaywidgetBundle.swift */; };
		5EDBEF122BC0D7E8005FBAF2 /* todaywidget.swift in Sources */ = {isa = PBXBuildFile; fileRef = 5EDBEF112BC0D7E8005FBAF2 /* todaywidget.swift */; };
		5EDBEF142BC0D7EA005FBAF2 /* Assets.xcassets in Resources */ = {isa = PBXBuildFile; fileRef = 5EDBEF132BC0D7EA005FBAF2 /* Assets.xcassets */; };
		5EDBEF192BC0D7EA005FBAF2 /* todaywidgetExtension.appex in Embed Foundation Extensions */ = {isa = PBXBuildFile; fileRef = 5EDBEF092BC0D7E8005FBAF2 /* todaywidgetExtension.appex */; settings = {ATTRIBUTES = (RemoveHeadersOnCopy, ); }; };
		5EDBEF202BC1F96E005FBAF2 /* dates.m in Sources */ = {isa = PBXBuildFile; fileRef = 5EBBED722BBC7E6D0059BBD6 /* dates.m */; };
		5EDBEF212BC1F971005FBAF2 /* LitCelebrationBridge.m in Sources */ = {isa = PBXBuildFile; fileRef = 5EA3471A2BB374BC00E2DF5A /* LitCelebrationBridge.m */; };
		5EDBEF222BC1F9A0005FBAF2 /* colors.m in Sources */ = {isa = PBXBuildFile; fileRef = 5EBBED752BBDC9990059BBD6 /* colors.m */; };
		5EDBEF262BC1FD77005FBAF2 /* db.m in Sources */ = {isa = PBXBuildFile; fileRef = 5EDBEF252BC1FD77005FBAF2 /* db.m */; };
		5EDBEF272BC1FD77005FBAF2 /* db.m in Sources */ = {isa = PBXBuildFile; fileRef = 5EDBEF252BC1FD77005FBAF2 /* db.m */; };
		5EDBEF2B2BC2DF42005FBAF2 /* liblitdb.a in Frameworks */ = {isa = PBXBuildFile; fileRef = 5EA347052BB3735700E2DF5A /* liblitdb.a */; };
/* End PBXBuildFile section */

/* Begin PBXContainerItemProxy section */
		5E71CCE12B6C47640010B9A7 /* PBXContainerItemProxy */ = {
			isa = PBXContainerItemProxy;
			containerPortal = 5E71CCBD2B6C47620010B9A7 /* Project object */;
			proxyType = 1;
			remoteGlobalIDString = 5E71CCC42B6C47620010B9A7;
			remoteInfo = "litcal-ios";
		};
		5E71CCEB2B6C47640010B9A7 /* PBXContainerItemProxy */ = {
			isa = PBXContainerItemProxy;
			containerPortal = 5E71CCBD2B6C47620010B9A7 /* Project object */;
			proxyType = 1;
			remoteGlobalIDString = 5E71CCC42B6C47620010B9A7;
			remoteInfo = "litcal-ios";
		};
		5EA347182BB373D900E2DF5A /* PBXContainerItemProxy */ = {
			isa = PBXContainerItemProxy;
			containerPortal = 5E71CCBD2B6C47620010B9A7 /* Project object */;
			proxyType = 1;
			remoteGlobalIDString = 5EA347042BB3735700E2DF5A;
			remoteInfo = litdb;
		};
		5EDBEF162BC0D7EA005FBAF2 /* PBXContainerItemProxy */ = {
			isa = PBXContainerItemProxy;
			containerPortal = 5E71CCBD2B6C47620010B9A7 /* Project object */;
			proxyType = 1;
			remoteGlobalIDString = 5EDBEF082BC0D7E8005FBAF2;
			remoteInfo = todaywidgetExtension;
		};
		5EDBEF292BC2DF34005FBAF2 /* PBXContainerItemProxy */ = {
			isa = PBXContainerItemProxy;
			containerPortal = 5E71CCBD2B6C47620010B9A7 /* Project object */;
			proxyType = 1;
			remoteGlobalIDString = 5EA347042BB3735700E2DF5A;
			remoteInfo = litdb;
		};
		5EDBEF2C2BC2DF42005FBAF2 /* PBXContainerItemProxy */ = {
			isa = PBXContainerItemProxy;
			containerPortal = 5E71CCBD2B6C47620010B9A7 /* Project object */;
			proxyType = 1;
			remoteGlobalIDString = 5EA347042BB3735700E2DF5A;
			remoteInfo = litdb;
		};
/* End PBXContainerItemProxy section */

/* Begin PBXCopyFilesBuildPhase section */
		5EA347032BB3735700E2DF5A /* CopyFiles */ = {
			isa = PBXCopyFilesBuildPhase;
			buildActionMask = 2147483647;
			dstPath = "include/$(PRODUCT_NAME)";
			dstSubfolderSpec = 16;
			files = (
			);
			runOnlyForDeploymentPostprocessing = 0;
		};
		5EDBEF182BC0D7EA005FBAF2 /* Embed Foundation Extensions */ = {
			isa = PBXCopyFilesBuildPhase;
			buildActionMask = 2147483647;
			dstPath = "";
			dstSubfolderSpec = 13;
			files = (
				5EDBEF192BC0D7EA005FBAF2 /* todaywidgetExtension.appex in Embed Foundation Extensions */,
			);
			name = "Embed Foundation Extensions";
			runOnlyForDeploymentPostprocessing = 0;
		};
/* End PBXCopyFilesBuildPhase section */

/* Begin PBXFileReference section */
		5E71CCC52B6C47620010B9A7 /* litcal-ios.app */ = {isa = PBXFileReference; explicitFileType = wrapper.application; includeInIndex = 0; path = "litcal-ios.app"; sourceTree = BUILT_PRODUCTS_DIR; };
		5E71CCC82B6C47620010B9A7 /* AppDelegate.h */ = {isa = PBXFileReference; lastKnownFileType = sourcecode.c.h; path = AppDelegate.h; sourceTree = "<group>"; };
		5E71CCC92B6C47620010B9A7 /* AppDelegate.m */ = {isa = PBXFileReference; lastKnownFileType = sourcecode.c.objc; path = AppDelegate.m; sourceTree = "<group>"; };
		5E71CCCB2B6C47620010B9A7 /* SceneDelegate.h */ = {isa = PBXFileReference; lastKnownFileType = sourcecode.c.h; path = SceneDelegate.h; sourceTree = "<group>"; };
		5E71CCCC2B6C47620010B9A7 /* SceneDelegate.m */ = {isa = PBXFileReference; lastKnownFileType = sourcecode.c.objc; path = SceneDelegate.m; sourceTree = "<group>"; };
		5E71CCCE2B6C47620010B9A7 /* ViewController.h */ = {isa = PBXFileReference; lastKnownFileType = sourcecode.c.h; path = ViewController.h; sourceTree = "<group>"; };
		5E71CCCF2B6C47620010B9A7 /* ViewController.m */ = {isa = PBXFileReference; lastKnownFileType = sourcecode.c.objc; path = ViewController.m; sourceTree = "<group>"; };
		5E71CCD22B6C47620010B9A7 /* Base */ = {isa = PBXFileReference; lastKnownFileType = file.storyboard; name = Base; path = Base.lproj/Main.storyboard; sourceTree = "<group>"; };
		5E71CCD42B6C47640010B9A7 /* Assets.xcassets */ = {isa = PBXFileReference; lastKnownFileType = folder.assetcatalog; path = Assets.xcassets; sourceTree = "<group>"; };
		5E71CCD72B6C47640010B9A7 /* Base */ = {isa = PBXFileReference; lastKnownFileType = file.storyboard; name = Base; path = Base.lproj/LaunchScreen.storyboard; sourceTree = "<group>"; };
		5E71CCD92B6C47640010B9A7 /* Info.plist */ = {isa = PBXFileReference; lastKnownFileType = text.plist.xml; path = Info.plist; sourceTree = "<group>"; };
		5E71CCDA2B6C47640010B9A7 /* main.m */ = {isa = PBXFileReference; lastKnownFileType = sourcecode.c.objc; path = main.m; sourceTree = "<group>"; };
		5E71CCE02B6C47640010B9A7 /* litcal-iosTests.xctest */ = {isa = PBXFileReference; explicitFileType = wrapper.cfbundle; includeInIndex = 0; path = "litcal-iosTests.xctest"; sourceTree = BUILT_PRODUCTS_DIR; };
		5E71CCE42B6C47640010B9A7 /* litcal_iosTests.m */ = {isa = PBXFileReference; lastKnownFileType = sourcecode.c.objc; path = litcal_iosTests.m; sourceTree = "<group>"; };
		5E71CCEA2B6C47640010B9A7 /* litcal-iosUITests.xctest */ = {isa = PBXFileReference; explicitFileType = wrapper.cfbundle; includeInIndex = 0; path = "litcal-iosUITests.xctest"; sourceTree = BUILT_PRODUCTS_DIR; };
		5E71CCEE2B6C47640010B9A7 /* litcal_iosUITests.m */ = {isa = PBXFileReference; lastKnownFileType = sourcecode.c.objc; path = litcal_iosUITests.m; sourceTree = "<group>"; };
		5E71CCF02B6C47640010B9A7 /* litcal_iosUITestsLaunchTests.m */ = {isa = PBXFileReference; lastKnownFileType = sourcecode.c.objc; path = litcal_iosUITestsLaunchTests.m; sourceTree = "<group>"; };
		5E71CCFF2B6C49D80010B9A7 /* README.md */ = {isa = PBXFileReference; lastKnownFileType = net.daringfireball.markdown; path = README.md; sourceTree = "<group>"; };
		5E852BE82B6EB1BA0030F938 /* TiemposHeadline-Medium.ttf */ = {isa = PBXFileReference; lastKnownFileType = file; path = "TiemposHeadline-Medium.ttf"; sourceTree = "<group>"; };
		5E852BE92B6EB1BA0030F938 /* EuclidSquare-Regular.ttf */ = {isa = PBXFileReference; lastKnownFileType = file; path = "EuclidSquare-Regular.ttf"; sourceTree = "<group>"; };
		5E852BEA2B6EB1BA0030F938 /* EuclidSquare-Semibold.ttf */ = {isa = PBXFileReference; lastKnownFileType = file; path = "EuclidSquare-Semibold.ttf"; sourceTree = "<group>"; };
		5E9E1D722BC0300B0054333C /* DotView.h */ = {isa = PBXFileReference; lastKnownFileType = sourcecode.c.h; path = DotView.h; sourceTree = "<group>"; };
		5E9E1D732BC0302D0054333C /* DotView.m */ = {isa = PBXFileReference; lastKnownFileType = sourcecode.c.objc; path = DotView.m; sourceTree = "<group>"; };
		5EA347052BB3735700E2DF5A /* liblitdb.a */ = {isa = PBXFileReference; explicitFileType = archive.ar; includeInIndex = 0; path = liblitdb.a; sourceTree = BUILT_PRODUCTS_DIR; };
		5EA347102BB373BF00E2DF5A /* errors.c */ = {isa = PBXFileReference; fileEncoding = 4; lastKnownFileType = sourcecode.c.c; name = errors.c; path = ../litdb/errors.c; sourceTree = "<group>"; };
		5EA347112BB373BF00E2DF5A /* litdb.h */ = {isa = PBXFileReference; fileEncoding = 4; lastKnownFileType = sourcecode.c.h; name = litdb.h; path = ../litdb/litdb.h; sourceTree = "<group>"; };
		5EA347122BB373BF00E2DF5A /* litdb.c */ = {isa = PBXFileReference; fileEncoding = 4; lastKnownFileType = sourcecode.c.c; name = litdb.c; path = ../litdb/litdb.c; sourceTree = "<group>"; };
		5EA347132BB373BF00E2DF5A /* private.h */ = {isa = PBXFileReference; fileEncoding = 4; lastKnownFileType = sourcecode.c.h; name = private.h; path = ../litdb/private.h; sourceTree = "<group>"; };
		5EA3471A2BB374BC00E2DF5A /* LitCelebrationBridge.m */ = {isa = PBXFileReference; lastKnownFileType = sourcecode.c.objc; path = LitCelebrationBridge.m; sourceTree = "<group>"; };
		5EA3471C2BB374CC00E2DF5A /* LitCelebrationBridge.h */ = {isa = PBXFileReference; lastKnownFileType = sourcecode.c.h; path = LitCelebrationBridge.h; sourceTree = "<group>"; };
		5EA3471D2BB3794B00E2DF5A /* libsqlite3.tbd */ = {isa = PBXFileReference; lastKnownFileType = "sourcecode.text-based-dylib-definition"; name = libsqlite3.tbd; path = usr/lib/libsqlite3.tbd; sourceTree = SDKROOT; };
		5EA347202BB37CE200E2DF5A /* litcal.sqlite */ = {isa = PBXFileReference; lastKnownFileType = file; name = litcal.sqlite; path = ../litcal.sqlite; sourceTree = "<group>"; };
		5EB0F0AA2BBE4C5800D4D8E8 /* GradientView.m */ = {isa = PBXFileReference; lastKnownFileType = sourcecode.c.objc; path = GradientView.m; sourceTree = "<group>"; };
		5EB0F0AC2BBE4C6B00D4D8E8 /* GradientView.h */ = {isa = PBXFileReference; lastKnownFileType = sourcecode.c.h; path = GradientView.h; sourceTree = "<group>"; };
		5EBBED6E2BBC58530059BBD6 /* HolyDaysController.h */ = {isa = PBXFileReference; lastKnownFileType = sourcecode.c.h; path = HolyDaysController.h; sourceTree = "<group>"; };
		5EBBED6F2BBC5C0E0059BBD6 /* HolyDaysController.m */ = {isa = PBXFileReference; lastKnownFileType = sourcecode.c.objc; path = HolyDaysController.m; sourceTree = "<group>"; };
		5EBBED712BBC7E4D0059BBD6 /* dates.h */ = {isa = PBXFileReference; lastKnownFileType = sourcecode.c.h; path = dates.h; sourceTree = "<group>"; };
		5EBBED722BBC7E6D0059BBD6 /* dates.m */ = {isa = PBXFileReference; lastKnownFileType = sourcecode.c.objc; path = dates.m; sourceTree = "<group>"; };
		5EBBED742BBDC88E0059BBD6 /* colors.h */ = {isa = PBXFileReference; lastKnownFileType = sourcecode.c.h; path = colors.h; sourceTree = "<group>"; };
		5EBBED752BBDC9990059BBD6 /* colors.m */ = {isa = PBXFileReference; lastKnownFileType = sourcecode.c.objc; path = colors.m; sourceTree = "<group>"; };
		5EDBEF092BC0D7E8005FBAF2 /* todaywidgetExtension.appex */ = {isa = PBXFileReference; explicitFileType = "wrapper.app-extension"; includeInIndex = 0; path = todaywidgetExtension.appex; sourceTree = BUILT_PRODUCTS_DIR; };
		5EDBEF0A2BC0D7E8005FBAF2 /* WidgetKit.framework */ = {isa = PBXFileReference; lastKnownFileType = wrapper.framework; name = WidgetKit.framework; path = System/Library/Frameworks/WidgetKit.framework; sourceTree = SDKROOT; };
		5EDBEF0C2BC0D7E8005FBAF2 /* SwiftUI.framework */ = {isa = PBXFileReference; lastKnownFileType = wrapper.framework; name = SwiftUI.framework; path = System/Library/Frameworks/SwiftUI.framework; sourceTree = SDKROOT; };
		5EDBEF0F2BC0D7E8005FBAF2 /* todaywidgetBundle.swift */ = {isa = PBXFileReference; lastKnownFileType = sourcecode.swift; path = todaywidgetBundle.swift; sourceTree = "<group>"; };
		5EDBEF112BC0D7E8005FBAF2 /* todaywidget.swift */ = {isa = PBXFileReference; lastKnownFileType = sourcecode.swift; path = todaywidget.swift; sourceTree = "<group>"; };
		5EDBEF132BC0D7EA005FBAF2 /* Assets.xcassets */ = {isa = PBXFileReference; lastKnownFileType = folder.assetcatalog; path = Assets.xcassets; sourceTree = "<group>"; };
		5EDBEF152BC0D7EA005FBAF2 /* Info.plist */ = {isa = PBXFileReference; lastKnownFileType = text.plist.xml; path = Info.plist; sourceTree = "<group>"; };
		5EDBEF232BC1FA2B005FBAF2 /* litcal-ios-Bridging-Header.h */ = {isa = PBXFileReference; lastKnownFileType = sourcecode.c.h; path = "litcal-ios-Bridging-Header.h"; sourceTree = "<group>"; };
		5EDBEF242BC1FCCC005FBAF2 /* db.h */ = {isa = PBXFileReference; lastKnownFileType = sourcecode.c.h; path = db.h; sourceTree = "<group>"; };
		5EDBEF252BC1FD77005FBAF2 /* db.m */ = {isa = PBXFileReference; lastKnownFileType = sourcecode.c.objc; path = db.m; sourceTree = "<group>"; };
/* End PBXFileReference section */

/* Begin PBXFrameworksBuildPhase section */
		5E71CCC22B6C47620010B9A7 /* Frameworks */ = {
			isa = PBXFrameworksBuildPhase;
			buildActionMask = 2147483647;
			files = (
				5EA3471E2BB3795300E2DF5A /* libsqlite3.tbd in Frameworks */,
				5EA347172BB373D900E2DF5A /* liblitdb.a in Frameworks */,
			);
			runOnlyForDeploymentPostprocessing = 0;
		};
		5E71CCDD2B6C47640010B9A7 /* Frameworks */ = {
			isa = PBXFrameworksBuildPhase;
			buildActionMask = 2147483647;
			files = (
			);
			runOnlyForDeploymentPostprocessing = 0;
		};
		5E71CCE72B6C47640010B9A7 /* Frameworks */ = {
			isa = PBXFrameworksBuildPhase;
			buildActionMask = 2147483647;
			files = (
			);
			runOnlyForDeploymentPostprocessing = 0;
		};
		5EA347022BB3735700E2DF5A /* Frameworks */ = {
			isa = PBXFrameworksBuildPhase;
			buildActionMask = 2147483647;
			files = (
			);
			runOnlyForDeploymentPostprocessing = 0;
		};
		5EDBEF062BC0D7E8005FBAF2 /* Frameworks */ = {
			isa = PBXFrameworksBuildPhase;
			buildActionMask = 2147483647;
			files = (
				5EDBEF2B2BC2DF42005FBAF2 /* liblitdb.a in Frameworks */,
				5EDBEF0D2BC0D7E8005FBAF2 /* SwiftUI.framework in Frameworks */,
				5EDBEF0B2BC0D7E8005FBAF2 /* WidgetKit.framework in Frameworks */,
			);
			runOnlyForDeploymentPostprocessing = 0;
		};
/* End PBXFrameworksBuildPhase section */

/* Begin PBXGroup section */
		5E71CCBC2B6C47620010B9A7 = {
			isa = PBXGroup;
			children = (
				5E71CCFF2B6C49D80010B9A7 /* README.md */,
				5EA3471F2BB37CCB00E2DF5A /* Resources */,
				5EA3470F2BB3737F00E2DF5A /* litdb */,
				5E852BE62B6EB18F0030F938 /* Shared */,
				5E71CCC72B6C47620010B9A7 /* litcal-ios */,
				5E71CCE32B6C47640010B9A7 /* litcal-iosTests */,
				5E71CCED2B6C47640010B9A7 /* litcal-iosUITests */,
				5EDBEF0E2BC0D7E8005FBAF2 /* todaywidget */,
				5E71CCC62B6C47620010B9A7 /* Products */,
				5EA347162BB373D900E2DF5A /* Frameworks */,
			);
			sourceTree = "<group>";
		};
		5E71CCC62B6C47620010B9A7 /* Products */ = {
			isa = PBXGroup;
			children = (
				5E71CCC52B6C47620010B9A7 /* litcal-ios.app */,
				5E71CCE02B6C47640010B9A7 /* litcal-iosTests.xctest */,
				5E71CCEA2B6C47640010B9A7 /* litcal-iosUITests.xctest */,
				5EA347052BB3735700E2DF5A /* liblitdb.a */,
				5EDBEF092BC0D7E8005FBAF2 /* todaywidgetExtension.appex */,
			);
			name = Products;
			sourceTree = "<group>";
		};
		5E71CCC72B6C47620010B9A7 /* litcal-ios */ = {
			isa = PBXGroup;
			children = (
				5E71CCC82B6C47620010B9A7 /* AppDelegate.h */,
				5E71CCC92B6C47620010B9A7 /* AppDelegate.m */,
				5E71CCCB2B6C47620010B9A7 /* SceneDelegate.h */,
				5E71CCCC2B6C47620010B9A7 /* SceneDelegate.m */,
				5E71CCCE2B6C47620010B9A7 /* ViewController.h */,
				5E71CCCF2B6C47620010B9A7 /* ViewController.m */,
				5E71CCD12B6C47620010B9A7 /* Main.storyboard */,
				5EBBED6E2BBC58530059BBD6 /* HolyDaysController.h */,
				5EBBED6F2BBC5C0E0059BBD6 /* HolyDaysController.m */,
				5E71CCD42B6C47640010B9A7 /* Assets.xcassets */,
				5E71CCD62B6C47640010B9A7 /* LaunchScreen.storyboard */,
				5E71CCD92B6C47640010B9A7 /* Info.plist */,
				5E71CCDA2B6C47640010B9A7 /* main.m */,
				5EB0F0AC2BBE4C6B00D4D8E8 /* GradientView.h */,
				5EB0F0AA2BBE4C5800D4D8E8 /* GradientView.m */,
				5E9E1D722BC0300B0054333C /* DotView.h */,
				5E9E1D732BC0302D0054333C /* DotView.m */,
			);
			path = "litcal-ios";
			sourceTree = "<group>";
		};
		5E71CCE32B6C47640010B9A7 /* litcal-iosTests */ = {
			isa = PBXGroup;
			children = (
				5E71CCE42B6C47640010B9A7 /* litcal_iosTests.m */,
			);
			path = "litcal-iosTests";
			sourceTree = "<group>";
		};
		5E71CCED2B6C47640010B9A7 /* litcal-iosUITests */ = {
			isa = PBXGroup;
			children = (
				5E71CCEE2B6C47640010B9A7 /* litcal_iosUITests.m */,
				5E71CCF02B6C47640010B9A7 /* litcal_iosUITestsLaunchTests.m */,
			);
			path = "litcal-iosUITests";
			sourceTree = "<group>";
		};
		5E852BE62B6EB18F0030F938 /* Shared */ = {
			isa = PBXGroup;
			children = (
				5EA347222BB3880000E2DF5A /* litdbBridge */,
				5E852BE72B6EB1960030F938 /* Fonts */,
				5EBBED712BBC7E4D0059BBD6 /* dates.h */,
				5EBBED722BBC7E6D0059BBD6 /* dates.m */,
				5EBBED742BBDC88E0059BBD6 /* colors.h */,
				5EBBED752BBDC9990059BBD6 /* colors.m */,
				5EDBEF242BC1FCCC005FBAF2 /* db.h */,
				5EDBEF252BC1FD77005FBAF2 /* db.m */,
			);
			path = Shared;
			sourceTree = "<group>";
		};
		5E852BE72B6EB1960030F938 /* Fonts */ = {
			isa = PBXGroup;
			children = (
				5E852BE92B6EB1BA0030F938 /* EuclidSquare-Regular.ttf */,
				5E852BEA2B6EB1BA0030F938 /* EuclidSquare-Semibold.ttf */,
				5E852BE82B6EB1BA0030F938 /* TiemposHeadline-Medium.ttf */,
			);
			path = Fonts;
			sourceTree = "<group>";
		};
		5EA3470F2BB3737F00E2DF5A /* litdb */ = {
			isa = PBXGroup;
			children = (
				5EA347102BB373BF00E2DF5A /* errors.c */,
				5EA347122BB373BF00E2DF5A /* litdb.c */,
				5EA347112BB373BF00E2DF5A /* litdb.h */,
				5EA347132BB373BF00E2DF5A /* private.h */,
			);
			name = litdb;
			sourceTree = "<group>";
		};
		5EA347162BB373D900E2DF5A /* Frameworks */ = {
			isa = PBXGroup;
			children = (
				5EA3471D2BB3794B00E2DF5A /* libsqlite3.tbd */,
				5EDBEF0A2BC0D7E8005FBAF2 /* WidgetKit.framework */,
				5EDBEF0C2BC0D7E8005FBAF2 /* SwiftUI.framework */,
			);
			name = Frameworks;
			sourceTree = "<group>";
		};
		5EA3471F2BB37CCB00E2DF5A /* Resources */ = {
			isa = PBXGroup;
			children = (
				5EA347202BB37CE200E2DF5A /* litcal.sqlite */,
			);
			name = Resources;
			sourceTree = "<group>";
		};
		5EA347222BB3880000E2DF5A /* litdbBridge */ = {
			isa = PBXGroup;
			children = (
				5EA3471A2BB374BC00E2DF5A /* LitCelebrationBridge.m */,
				5EA3471C2BB374CC00E2DF5A /* LitCelebrationBridge.h */,
			);
			path = litdbBridge;
			sourceTree = "<group>";
		};
		5EDBEF0E2BC0D7E8005FBAF2 /* todaywidget */ = {
			isa = PBXGroup;
			children = (
				5EDBEF232BC1FA2B005FBAF2 /* litcal-ios-Bridging-Header.h */,
				5EDBEF0F2BC0D7E8005FBAF2 /* todaywidgetBundle.swift */,
				5EDBEF112BC0D7E8005FBAF2 /* todaywidget.swift */,
				5EDBEF132BC0D7EA005FBAF2 /* Assets.xcassets */,
				5EDBEF152BC0D7EA005FBAF2 /* Info.plist */,
			);
			path = todaywidget;
			sourceTree = "<group>";
		};
/* End PBXGroup section */

/* Begin PBXNativeTarget section */
		5E71CCC42B6C47620010B9A7 /* litcal-ios */ = {
			isa = PBXNativeTarget;
			buildConfigurationList = 5E71CCF42B6C47640010B9A7 /* Build configuration list for PBXNativeTarget "litcal-ios" */;
			buildPhases = (
				5E71CCC12B6C47620010B9A7 /* Sources */,
				5E71CCC22B6C47620010B9A7 /* Frameworks */,
				5E71CCC32B6C47620010B9A7 /* Resources */,
				5EDBEF182BC0D7EA005FBAF2 /* Embed Foundation Extensions */,
			);
			buildRules = (
			);
			dependencies = (
				5EA347192BB373D900E2DF5A /* PBXTargetDependency */,
				5EDBEF172BC0D7EA005FBAF2 /* PBXTargetDependency */,
			);
			name = "litcal-ios";
			productName = "litcal-ios";
			productReference = 5E71CCC52B6C47620010B9A7 /* litcal-ios.app */;
			productType = "com.apple.product-type.application";
		};
		5E71CCDF2B6C47640010B9A7 /* litcal-iosTests */ = {
			isa = PBXNativeTarget;
			buildConfigurationList = 5E71CCF72B6C47640010B9A7 /* Build configuration list for PBXNativeTarget "litcal-iosTests" */;
			buildPhases = (
				5E71CCDC2B6C47640010B9A7 /* Sources */,
				5E71CCDD2B6C47640010B9A7 /* Frameworks */,
				5E71CCDE2B6C47640010B9A7 /* Resources */,
			);
			buildRules = (
			);
			dependencies = (
				5E71CCE22B6C47640010B9A7 /* PBXTargetDependency */,
			);
			name = "litcal-iosTests";
			productName = "litcal-iosTests";
			productReference = 5E71CCE02B6C47640010B9A7 /* litcal-iosTests.xctest */;
			productType = "com.apple.product-type.bundle.unit-test";
		};
		5E71CCE92B6C47640010B9A7 /* litcal-iosUITests */ = {
			isa = PBXNativeTarget;
			buildConfigurationList = 5E71CCFA2B6C47640010B9A7 /* Build configuration list for PBXNativeTarget "litcal-iosUITests" */;
			buildPhases = (
				5E71CCE62B6C47640010B9A7 /* Sources */,
				5E71CCE72B6C47640010B9A7 /* Frameworks */,
				5E71CCE82B6C47640010B9A7 /* Resources */,
			);
			buildRules = (
			);
			dependencies = (
				5E71CCEC2B6C47640010B9A7 /* PBXTargetDependency */,
			);
			name = "litcal-iosUITests";
			productName = "litcal-iosUITests";
			productReference = 5E71CCEA2B6C47640010B9A7 /* litcal-iosUITests.xctest */;
			productType = "com.apple.product-type.bundle.ui-testing";
		};
		5EA347042BB3735700E2DF5A /* litdb */ = {
			isa = PBXNativeTarget;
			buildConfigurationList = 5EA3470B2BB3735700E2DF5A /* Build configuration list for PBXNativeTarget "litdb" */;
			buildPhases = (
				5EA347012BB3735700E2DF5A /* Sources */,
				5EA347022BB3735700E2DF5A /* Frameworks */,
				5EA347032BB3735700E2DF5A /* CopyFiles */,
			);
			buildRules = (
			);
			dependencies = (
			);
			name = litdb;
			productName = litdb;
			productReference = 5EA347052BB3735700E2DF5A /* liblitdb.a */;
			productType = "com.apple.product-type.library.static";
		};
		5EDBEF082BC0D7E8005FBAF2 /* todaywidgetExtension */ = {
			isa = PBXNativeTarget;
			buildConfigurationList = 5EDBEF1C2BC0D7EA005FBAF2 /* Build configuration list for PBXNativeTarget "todaywidgetExtension" */;
			buildPhases = (
				5EDBEF052BC0D7E8005FBAF2 /* Sources */,
				5EDBEF062BC0D7E8005FBAF2 /* Frameworks */,
				5EDBEF072BC0D7E8005FBAF2 /* Resources */,
			);
			buildRules = (
			);
			dependencies = (
				5EDBEF2A2BC2DF34005FBAF2 /* PBXTargetDependency */,
				5EDBEF2D2BC2DF42005FBAF2 /* PBXTargetDependency */,
			);
			name = todaywidgetExtension;
			productName = todaywidgetExtension;
			productReference = 5EDBEF092BC0D7E8005FBAF2 /* todaywidgetExtension.appex */;
			productType = "com.apple.product-type.app-extension";
		};
/* End PBXNativeTarget section */

/* Begin PBXProject section */
		5E71CCBD2B6C47620010B9A7 /* Project object */ = {
			isa = PBXProject;
			attributes = {
				BuildIndependentTargetsInParallel = 1;
				KnownAssetTags = (
					1,
				);
				LastSwiftUpdateCheck = 1530;
				LastUpgradeCheck = 1520;
				TargetAttributes = {
					5E71CCC42B6C47620010B9A7 = {
						CreatedOnToolsVersion = 15.2;
					};
					5E71CCDF2B6C47640010B9A7 = {
						CreatedOnToolsVersion = 15.2;
						TestTargetID = 5E71CCC42B6C47620010B9A7;
					};
					5E71CCE92B6C47640010B9A7 = {
						CreatedOnToolsVersion = 15.2;
						TestTargetID = 5E71CCC42B6C47620010B9A7;
					};
					5EA347042BB3735700E2DF5A = {
						CreatedOnToolsVersion = 15.3;
					};
					5EDBEF082BC0D7E8005FBAF2 = {
						CreatedOnToolsVersion = 15.3;
					};
				};
			};
			buildConfigurationList = 5E71CCC02B6C47620010B9A7 /* Build configuration list for PBXProject "litcal-ios" */;
			compatibilityVersion = "Xcode 14.0";
			developmentRegion = en;
			hasScannedForEncodings = 0;
			knownRegions = (
				en,
				Base,
			);
			mainGroup = 5E71CCBC2B6C47620010B9A7;
			productRefGroup = 5E71CCC62B6C47620010B9A7 /* Products */;
			projectDirPath = "";
			projectRoot = "";
			targets = (
				5E71CCC42B6C47620010B9A7 /* litcal-ios */,
				5E71CCDF2B6C47640010B9A7 /* litcal-iosTests */,
				5E71CCE92B6C47640010B9A7 /* litcal-iosUITests */,
				5EA347042BB3735700E2DF5A /* litdb */,
				5EDBEF082BC0D7E8005FBAF2 /* todaywidgetExtension */,
			);
		};
/* End PBXProject section */

/* Begin PBXResourcesBuildPhase section */
		5E71CCC32B6C47620010B9A7 /* Resources */ = {
			isa = PBXResourcesBuildPhase;
			buildActionMask = 2147483647;
			files = (
				5E852BEB2B6EB1BA0030F938 /* TiemposHeadline-Medium.ttf in Resources */,
				5E852BEC2B6EB1BA0030F938 /* EuclidSquare-Regular.ttf in Resources */,
				5E852BED2B6EB1BA0030F938 /* EuclidSquare-Semibold.ttf in Resources */,
				5EA347212BB37CE200E2DF5A /* litcal.sqlite in Resources */,
				5E71CCD82B6C47640010B9A7 /* LaunchScreen.storyboard in Resources */,
				5E71CCD52B6C47640010B9A7 /* Assets.xcassets in Resources */,
				5E71CCD32B6C47620010B9A7 /* Main.storyboard in Resources */,
			);
			runOnlyForDeploymentPostprocessing = 0;
		};
		5E71CCDE2B6C47640010B9A7 /* Resources */ = {
			isa = PBXResourcesBuildPhase;
			buildActionMask = 2147483647;
			files = (
			);
			runOnlyForDeploymentPostprocessing = 0;
		};
		5E71CCE82B6C47640010B9A7 /* Resources */ = {
			isa = PBXResourcesBuildPhase;
			buildActionMask = 2147483647;
			files = (
			);
			runOnlyForDeploymentPostprocessing = 0;
		};
		5EDBEF072BC0D7E8005FBAF2 /* Resources */ = {
			isa = PBXResourcesBuildPhase;
			buildActionMask = 2147483647;
			files = (
				5EDBEF142BC0D7EA005FBAF2 /* Assets.xcassets in Resources */,
			);
			runOnlyForDeploymentPostprocessing = 0;
		};
/* End PBXResourcesBuildPhase section */

/* Begin PBXSourcesBuildPhase section */
		5E71CCC12B6C47620010B9A7 /* Sources */ = {
			isa = PBXSourcesBuildPhase;
			buildActionMask = 2147483647;
			files = (
				5EBBED702BBC5C0E0059BBD6 /* HolyDaysController.m in Sources */,
				5EB0F0AB2BBE4C5800D4D8E8 /* GradientView.m in Sources */,
				5E9E1D742BC0302D0054333C /* DotView.m in Sources */,
				5EBBED732BBC7E6D0059BBD6 /* dates.m in Sources */,
				5E71CCD02B6C47620010B9A7 /* ViewController.m in Sources */,
				5E71CCCA2B6C47620010B9A7 /* AppDelegate.m in Sources */,
				5EA3471B2BB374BC00E2DF5A /* LitCelebrationBridge.m in Sources */,
				5EBBED762BBDC9990059BBD6 /* colors.m in Sources */,
				5E71CCDB2B6C47640010B9A7 /* main.m in Sources */,
				5EDBEF262BC1FD77005FBAF2 /* db.m in Sources */,
				5E71CCCD2B6C47620010B9A7 /* SceneDelegate.m in Sources */,
			);
			runOnlyForDeploymentPostprocessing = 0;
		};
		5E71CCDC2B6C47640010B9A7 /* Sources */ = {
			isa = PBXSourcesBuildPhase;
			buildActionMask = 2147483647;
			files = (
				5E71CCE52B6C47640010B9A7 /* litcal_iosTests.m in Sources */,
			);
			runOnlyForDeploymentPostprocessing = 0;
		};
		5E71CCE62B6C47640010B9A7 /* Sources */ = {
			isa = PBXSourcesBuildPhase;
			buildActionMask = 2147483647;
			files = (
				5E71CCEF2B6C47640010B9A7 /* litcal_iosUITests.m in Sources */,
				5E71CCF12B6C47640010B9A7 /* litcal_iosUITestsLaunchTests.m in Sources */,
			);
			runOnlyForDeploymentPostprocessing = 0;
		};
		5EA347012BB3735700E2DF5A /* Sources */ = {
			isa = PBXSourcesBuildPhase;
			buildActionMask = 2147483647;
			files = (
				5EA347142BB373BF00E2DF5A /* errors.c in Sources */,
				5EA347152BB373BF00E2DF5A /* litdb.c in Sources */,
			);
			runOnlyForDeploymentPostprocessing = 0;
		};
		5EDBEF052BC0D7E8005FBAF2 /* Sources */ = {
			isa = PBXSourcesBuildPhase;
			buildActionMask = 2147483647;
			files = (
				5EDBEF202BC1F96E005FBAF2 /* dates.m in Sources */,
				5EDBEF102BC0D7E8005FBAF2 /* todaywidgetBundle.swift in Sources */,
				5EDBEF122BC0D7E8005FBAF2 /* todaywidget.swift in Sources */,
				5EDBEF212BC1F971005FBAF2 /* LitCelebrationBridge.m in Sources */,
				5EDBEF222BC1F9A0005FBAF2 /* colors.m in Sources */,
				5EDBEF272BC1FD77005FBAF2 /* db.m in Sources */,
			);
			runOnlyForDeploymentPostprocessing = 0;
		};
/* End PBXSourcesBuildPhase section */

/* Begin PBXTargetDependency section */
		5E71CCE22B6C47640010B9A7 /* PBXTargetDependency */ = {
			isa = PBXTargetDependency;
			target = 5E71CCC42B6C47620010B9A7 /* litcal-ios */;
			targetProxy = 5E71CCE12B6C47640010B9A7 /* PBXContainerItemProxy */;
		};
		5E71CCEC2B6C47640010B9A7 /* PBXTargetDependency */ = {
			isa = PBXTargetDependency;
			target = 5E71CCC42B6C47620010B9A7 /* litcal-ios */;
			targetProxy = 5E71CCEB2B6C47640010B9A7 /* PBXContainerItemProxy */;
		};
		5EA347192BB373D900E2DF5A /* PBXTargetDependency */ = {
			isa = PBXTargetDependency;
			target = 5EA347042BB3735700E2DF5A /* litdb */;
			targetProxy = 5EA347182BB373D900E2DF5A /* PBXContainerItemProxy */;
		};
		5EDBEF172BC0D7EA005FBAF2 /* PBXTargetDependency */ = {
			isa = PBXTargetDependency;
			target = 5EDBEF082BC0D7E8005FBAF2 /* todaywidgetExtension */;
			targetProxy = 5EDBEF162BC0D7EA005FBAF2 /* PBXContainerItemProxy */;
		};
		5EDBEF2A2BC2DF34005FBAF2 /* PBXTargetDependency */ = {
			isa = PBXTargetDependency;
			target = 5EA347042BB3735700E2DF5A /* litdb */;
			targetProxy = 5EDBEF292BC2DF34005FBAF2 /* PBXContainerItemProxy */;
		};
		5EDBEF2D2BC2DF42005FBAF2 /* PBXTargetDependency */ = {
			isa = PBXTargetDependency;
			target = 5EA347042BB3735700E2DF5A /* litdb */;
			targetProxy = 5EDBEF2C2BC2DF42005FBAF2 /* PBXContainerItemProxy */;
		};
/* End PBXTargetDependency section */

/* Begin PBXVariantGroup section */
		5E71CCD12B6C47620010B9A7 /* Main.storyboard */ = {
			isa = PBXVariantGroup;
			children = (
				5E71CCD22B6C47620010B9A7 /* Base */,
			);
			name = Main.storyboard;
			sourceTree = "<group>";
		};
		5E71CCD62B6C47640010B9A7 /* LaunchScreen.storyboard */ = {
			isa = PBXVariantGroup;
			children = (
				5E71CCD72B6C47640010B9A7 /* Base */,
			);
			name = LaunchScreen.storyboard;
			sourceTree = "<group>";
		};
/* End PBXVariantGroup section */

/* Begin XCBuildConfiguration section */
		5E71CCF22B6C47640010B9A7 /* Debug */ = {
			isa = XCBuildConfiguration;
			buildSettings = {
				ALWAYS_SEARCH_USER_PATHS = NO;
				ASSETCATALOG_COMPILER_GENERATE_SWIFT_ASSET_SYMBOL_EXTENSIONS = YES;
				CLANG_ANALYZER_NONNULL = YES;
				CLANG_ANALYZER_NUMBER_OBJECT_CONVERSION = YES_AGGRESSIVE;
				CLANG_CXX_LANGUAGE_STANDARD = "gnu++20";
				CLANG_ENABLE_MODULES = YES;
				CLANG_ENABLE_OBJC_ARC = YES;
				CLANG_ENABLE_OBJC_WEAK = YES;
				CLANG_WARN_BLOCK_CAPTURE_AUTORELEASING = YES;
				CLANG_WARN_BOOL_CONVERSION = YES;
				CLANG_WARN_COMMA = YES;
				CLANG_WARN_CONSTANT_CONVERSION = YES;
				CLANG_WARN_DEPRECATED_OBJC_IMPLEMENTATIONS = YES;
				CLANG_WARN_DIRECT_OBJC_ISA_USAGE = YES_ERROR;
				CLANG_WARN_DOCUMENTATION_COMMENTS = YES;
				CLANG_WARN_EMPTY_BODY = YES;
				CLANG_WARN_ENUM_CONVERSION = YES;
				CLANG_WARN_INFINITE_RECURSION = YES;
				CLANG_WARN_INT_CONVERSION = YES;
				CLANG_WARN_NON_LITERAL_NULL_CONVERSION = YES;
				CLANG_WARN_OBJC_IMPLICIT_RETAIN_SELF = YES;
				CLANG_WARN_OBJC_LITERAL_CONVERSION = YES;
				CLANG_WARN_OBJC_ROOT_CLASS = YES_ERROR;
				CLANG_WARN_QUOTED_INCLUDE_IN_FRAMEWORK_HEADER = YES;
				CLANG_WARN_RANGE_LOOP_ANALYSIS = YES;
				CLANG_WARN_STRICT_PROTOTYPES = YES;
				CLANG_WARN_SUSPICIOUS_MOVE = YES;
				CLANG_WARN_UNGUARDED_AVAILABILITY = YES_AGGRESSIVE;
				CLANG_WARN_UNREACHABLE_CODE = YES;
				CLANG_WARN__DUPLICATE_METHOD_MATCH = YES;
				COPY_PHASE_STRIP = NO;
				DEBUG_INFORMATION_FORMAT = dwarf;
				ENABLE_STRICT_OBJC_MSGSEND = YES;
				ENABLE_TESTABILITY = YES;
				ENABLE_USER_SCRIPT_SANDBOXING = YES;
				GCC_C_LANGUAGE_STANDARD = gnu17;
				GCC_DYNAMIC_NO_PIC = NO;
				GCC_NO_COMMON_BLOCKS = YES;
				GCC_OPTIMIZATION_LEVEL = 0;
				GCC_PREPROCESSOR_DEFINITIONS = (
					"DEBUG=1",
					"$(inherited)",
				);
				GCC_WARN_64_TO_32_BIT_CONVERSION = YES;
				GCC_WARN_ABOUT_RETURN_TYPE = YES_ERROR;
				GCC_WARN_UNDECLARED_SELECTOR = YES;
				GCC_WARN_UNINITIALIZED_AUTOS = YES_AGGRESSIVE;
				GCC_WARN_UNUSED_FUNCTION = YES;
				GCC_WARN_UNUSED_VARIABLE = YES;
				IPHONEOS_DEPLOYMENT_TARGET = 17.2;
				LOCALIZATION_PREFERS_STRING_CATALOGS = YES;
				MTL_ENABLE_DEBUG_INFO = INCLUDE_SOURCE;
				MTL_FAST_MATH = YES;
				ONLY_ACTIVE_ARCH = YES;
				SDKROOT = iphoneos;
			};
			name = Debug;
		};
		5E71CCF32B6C47640010B9A7 /* Release */ = {
			isa = XCBuildConfiguration;
			buildSettings = {
				ALWAYS_SEARCH_USER_PATHS = NO;
				ASSETCATALOG_COMPILER_GENERATE_SWIFT_ASSET_SYMBOL_EXTENSIONS = YES;
				CLANG_ANALYZER_NONNULL = YES;
				CLANG_ANALYZER_NUMBER_OBJECT_CONVERSION = YES_AGGRESSIVE;
				CLANG_CXX_LANGUAGE_STANDARD = "gnu++20";
				CLANG_ENABLE_MODULES = YES;
				CLANG_ENABLE_OBJC_ARC = YES;
				CLANG_ENABLE_OBJC_WEAK = YES;
				CLANG_WARN_BLOCK_CAPTURE_AUTORELEASING = YES;
				CLANG_WARN_BOOL_CONVERSION = YES;
				CLANG_WARN_COMMA = YES;
				CLANG_WARN_CONSTANT_CONVERSION = YES;
				CLANG_WARN_DEPRECATED_OBJC_IMPLEMENTATIONS = YES;
				CLANG_WARN_DIRECT_OBJC_ISA_USAGE = YES_ERROR;
				CLANG_WARN_DOCUMENTATION_COMMENTS = YES;
				CLANG_WARN_EMPTY_BODY = YES;
				CLANG_WARN_ENUM_CONVERSION = YES;
				CLANG_WARN_INFINITE_RECURSION = YES;
				CLANG_WARN_INT_CONVERSION = YES;
				CLANG_WARN_NON_LITERAL_NULL_CONVERSION = YES;
				CLANG_WARN_OBJC_IMPLICIT_RETAIN_SELF = YES;
				CLANG_WARN_OBJC_LITERAL_CONVERSION = YES;
				CLANG_WARN_OBJC_ROOT_CLASS = YES_ERROR;
				CLANG_WARN_QUOTED_INCLUDE_IN_FRAMEWORK_HEADER = YES;
				CLANG_WARN_RANGE_LOOP_ANALYSIS = YES;
				CLANG_WARN_STRICT_PROTOTYPES = YES;
				CLANG_WARN_SUSPICIOUS_MOVE = YES;
				CLANG_WARN_UNGUARDED_AVAILABILITY = YES_AGGRESSIVE;
				CLANG_WARN_UNREACHABLE_CODE = YES;
				CLANG_WARN__DUPLICATE_METHOD_MATCH = YES;
				COPY_PHASE_STRIP = NO;
				DEBUG_INFORMATION_FORMAT = "dwarf-with-dsym";
				ENABLE_NS_ASSERTIONS = NO;
				ENABLE_STRICT_OBJC_MSGSEND = YES;
				ENABLE_USER_SCRIPT_SANDBOXING = YES;
				GCC_C_LANGUAGE_STANDARD = gnu17;
				GCC_NO_COMMON_BLOCKS = YES;
				GCC_WARN_64_TO_32_BIT_CONVERSION = YES;
				GCC_WARN_ABOUT_RETURN_TYPE = YES_ERROR;
				GCC_WARN_UNDECLARED_SELECTOR = YES;
				GCC_WARN_UNINITIALIZED_AUTOS = YES_AGGRESSIVE;
				GCC_WARN_UNUSED_FUNCTION = YES;
				GCC_WARN_UNUSED_VARIABLE = YES;
				IPHONEOS_DEPLOYMENT_TARGET = 17.2;
				LOCALIZATION_PREFERS_STRING_CATALOGS = YES;
				MTL_ENABLE_DEBUG_INFO = NO;
				MTL_FAST_MATH = YES;
				SDKROOT = iphoneos;
				VALIDATE_PRODUCT = YES;
			};
			name = Release;
		};
		5E71CCF52B6C47640010B9A7 /* Debug */ = {
			isa = XCBuildConfiguration;
			buildSettings = {
				ALWAYS_EMBED_SWIFT_STANDARD_LIBRARIES = YES;
				ASSETCATALOG_COMPILER_APPICON_NAME = AppIcon;
				ASSETCATALOG_COMPILER_GLOBAL_ACCENT_COLOR_NAME = AccentColor;
				CODE_SIGN_STYLE = Automatic;
				CURRENT_PROJECT_VERSION = 1;
				DEVELOPMENT_TEAM = JCRQGL8873;
				GENERATE_INFOPLIST_FILE = YES;
				INFOPLIST_FILE = "litcal-ios/Info.plist";
				INFOPLIST_KEY_UIApplicationSupportsIndirectInputEvents = YES;
				INFOPLIST_KEY_UILaunchStoryboardName = LaunchScreen;
				INFOPLIST_KEY_UIMainStoryboardFile = Main;
				INFOPLIST_KEY_UISupportedInterfaceOrientations = "UIInterfaceOrientationLandscapeLeft UIInterfaceOrientationLandscapeRight UIInterfaceOrientationPortrait";
				INFOPLIST_KEY_UISupportedInterfaceOrientations_iPad = "UIInterfaceOrientationLandscapeLeft UIInterfaceOrientationLandscapeRight UIInterfaceOrientationPortrait UIInterfaceOrientationPortraitUpsideDown";
				IPHONEOS_DEPLOYMENT_TARGET = 15.1;
				LD_RUNPATH_SEARCH_PATHS = (
					"$(inherited)",
					"@executable_path/Frameworks",
				);
				MARKETING_VERSION = 1.0;
				PRODUCT_BUNDLE_IDENTIFIER = com.litcompany.litcal.darwin;
				PRODUCT_NAME = "$(TARGET_NAME)";
				SWIFT_EMIT_LOC_STRINGS = YES;
				TARGETED_DEVICE_FAMILY = "1,2";
			};
			name = Debug;
		};
		5E71CCF62B6C47640010B9A7 /* Release */ = {
			isa = XCBuildConfiguration;
			buildSettings = {
				ALWAYS_EMBED_SWIFT_STANDARD_LIBRARIES = YES;
				ASSETCATALOG_COMPILER_APPICON_NAME = AppIcon;
				ASSETCATALOG_COMPILER_GLOBAL_ACCENT_COLOR_NAME = AccentColor;
				CODE_SIGN_STYLE = Automatic;
				CURRENT_PROJECT_VERSION = 1;
				DEVELOPMENT_TEAM = JCRQGL8873;
				GENERATE_INFOPLIST_FILE = YES;
				INFOPLIST_FILE = "litcal-ios/Info.plist";
				INFOPLIST_KEY_UIApplicationSupportsIndirectInputEvents = YES;
				INFOPLIST_KEY_UILaunchStoryboardName = LaunchScreen;
				INFOPLIST_KEY_UIMainStoryboardFile = Main;
				INFOPLIST_KEY_UISupportedInterfaceOrientations = "UIInterfaceOrientationLandscapeLeft UIInterfaceOrientationLandscapeRight UIInterfaceOrientationPortrait";
				INFOPLIST_KEY_UISupportedInterfaceOrientations_iPad = "UIInterfaceOrientationLandscapeLeft UIInterfaceOrientationLandscapeRight UIInterfaceOrientationPortrait UIInterfaceOrientationPortraitUpsideDown";
				IPHONEOS_DEPLOYMENT_TARGET = 15.1;
				LD_RUNPATH_SEARCH_PATHS = (
					"$(inherited)",
					"@executable_path/Frameworks",
				);
				MARKETING_VERSION = 1.0;
				PRODUCT_BUNDLE_IDENTIFIER = com.litcompany.litcal.darwin;
				PRODUCT_NAME = "$(TARGET_NAME)";
				SWIFT_EMIT_LOC_STRINGS = YES;
				TARGETED_DEVICE_FAMILY = "1,2";
			};
			name = Release;
		};
		5E71CCF82B6C47640010B9A7 /* Debug */ = {
			isa = XCBuildConfiguration;
			buildSettings = {
				BUNDLE_LOADER = "$(TEST_HOST)";
				CODE_SIGN_STYLE = Automatic;
				CURRENT_PROJECT_VERSION = 1;
				DEVELOPMENT_TEAM = JCRQGL8873;
				GENERATE_INFOPLIST_FILE = YES;
				IPHONEOS_DEPLOYMENT_TARGET = 17.2;
				MARKETING_VERSION = 1.0;
				PRODUCT_BUNDLE_IDENTIFIER = "org.hudon.litcal-iosTests";
				PRODUCT_NAME = "$(TARGET_NAME)";
				SWIFT_EMIT_LOC_STRINGS = NO;
				TARGETED_DEVICE_FAMILY = "1,2";
				TEST_HOST = "$(BUILT_PRODUCTS_DIR)/litcal-ios.app/$(BUNDLE_EXECUTABLE_FOLDER_PATH)/litcal-ios";
			};
			name = Debug;
		};
		5E71CCF92B6C47640010B9A7 /* Release */ = {
			isa = XCBuildConfiguration;
			buildSettings = {
				BUNDLE_LOADER = "$(TEST_HOST)";
				CODE_SIGN_STYLE = Automatic;
				CURRENT_PROJECT_VERSION = 1;
				DEVELOPMENT_TEAM = JCRQGL8873;
				GENERATE_INFOPLIST_FILE = YES;
				IPHONEOS_DEPLOYMENT_TARGET = 17.2;
				MARKETING_VERSION = 1.0;
				PRODUCT_BUNDLE_IDENTIFIER = "org.hudon.litcal-iosTests";
				PRODUCT_NAME = "$(TARGET_NAME)";
				SWIFT_EMIT_LOC_STRINGS = NO;
				TARGETED_DEVICE_FAMILY = "1,2";
				TEST_HOST = "$(BUILT_PRODUCTS_DIR)/litcal-ios.app/$(BUNDLE_EXECUTABLE_FOLDER_PATH)/litcal-ios";
			};
			name = Release;
		};
		5E71CCFB2B6C47640010B9A7 /* Debug */ = {
			isa = XCBuildConfiguration;
			buildSettings = {
				CODE_SIGN_STYLE = Automatic;
				CURRENT_PROJECT_VERSION = 1;
				DEVELOPMENT_TEAM = JCRQGL8873;
				GENERATE_INFOPLIST_FILE = YES;
				MARKETING_VERSION = 1.0;
				PRODUCT_BUNDLE_IDENTIFIER = "org.hudon.litcal-iosUITests";
				PRODUCT_NAME = "$(TARGET_NAME)";
				SWIFT_EMIT_LOC_STRINGS = NO;
				TARGETED_DEVICE_FAMILY = "1,2";
				TEST_TARGET_NAME = "litcal-ios";
			};
			name = Debug;
		};
		5E71CCFC2B6C47640010B9A7 /* Release */ = {
			isa = XCBuildConfiguration;
			buildSettings = {
				CODE_SIGN_STYLE = Automatic;
				CURRENT_PROJECT_VERSION = 1;
				DEVELOPMENT_TEAM = JCRQGL8873;
				GENERATE_INFOPLIST_FILE = YES;
				MARKETING_VERSION = 1.0;
				PRODUCT_BUNDLE_IDENTIFIER = "org.hudon.litcal-iosUITests";
				PRODUCT_NAME = "$(TARGET_NAME)";
				SWIFT_EMIT_LOC_STRINGS = NO;
				TARGETED_DEVICE_FAMILY = "1,2";
				TEST_TARGET_NAME = "litcal-ios";
			};
			name = Release;
		};
		5EA3470C2BB3735700E2DF5A /* Debug */ = {
			isa = XCBuildConfiguration;
			buildSettings = {
				CODE_SIGN_STYLE = Automatic;
				DEVELOPMENT_TEAM = JCRQGL8873;
				IPHONEOS_DEPLOYMENT_TARGET = 17.4;
				OTHER_LDFLAGS = "-ObjC";
				PRODUCT_NAME = "$(TARGET_NAME)";
				SKIP_INSTALL = YES;
				TARGETED_DEVICE_FAMILY = "1,2";
			};
			name = Debug;
		};
		5EA3470D2BB3735700E2DF5A /* Release */ = {
			isa = XCBuildConfiguration;
			buildSettings = {
				CODE_SIGN_STYLE = Automatic;
				DEVELOPMENT_TEAM = JCRQGL8873;
				IPHONEOS_DEPLOYMENT_TARGET = 17.4;
				OTHER_LDFLAGS = "-ObjC";
				PRODUCT_NAME = "$(TARGET_NAME)";
				SKIP_INSTALL = YES;
				TARGETED_DEVICE_FAMILY = "1,2";
			};
			name = Release;
		};
		5EDBEF1A2BC0D7EA005FBAF2 /* Debug */ = {
			isa = XCBuildConfiguration;
			buildSettings = {
				ASSETCATALOG_COMPILER_GLOBAL_ACCENT_COLOR_NAME = AccentColor;
				ASSETCATALOG_COMPILER_WIDGET_BACKGROUND_COLOR_NAME = WidgetBackground;
				CODE_SIGN_STYLE = Automatic;
				CURRENT_PROJECT_VERSION = 1;
				DEVELOPMENT_TEAM = JCRQGL8873;
				GENERATE_INFOPLIST_FILE = YES;
				INFOPLIST_FILE = todaywidget/Info.plist;
				INFOPLIST_KEY_CFBundleDisplayName = todaywidget;
				INFOPLIST_KEY_NSHumanReadableCopyright = "";
				IPHONEOS_DEPLOYMENT_TARGET = 17.4;
				LD_RUNPATH_SEARCH_PATHS = (
					"$(inherited)",
					"@executable_path/Frameworks",
					"@executable_path/../../Frameworks",
				);
				MARKETING_VERSION = 1.0;
				PRODUCT_BUNDLE_IDENTIFIER = com.litcompany.litcal.darwin.todaywidget;
				PRODUCT_NAME = "$(TARGET_NAME)";
				SKIP_INSTALL = YES;
				SWIFT_ACTIVE_COMPILATION_CONDITIONS = "DEBUG $(inherited)";
				SWIFT_EMIT_LOC_STRINGS = YES;
				SWIFT_OBJC_BRIDGING_HEADER = "todaywidget/litcal-ios-Bridging-Header.h";
				SWIFT_OPTIMIZATION_LEVEL = "-Onone";
				SWIFT_VERSION = 5.0;
				TARGETED_DEVICE_FAMILY = "1,2";
			};
			name = Debug;
		};
		5EDBEF1B2BC0D7EA005FBAF2 /* Release */ = {
			isa = XCBuildConfiguration;
			buildSettings = {
				ASSETCATALOG_COMPILER_GLOBAL_ACCENT_COLOR_NAME = AccentColor;
				ASSETCATALOG_COMPILER_WIDGET_BACKGROUND_COLOR_NAME = WidgetBackground;
				CODE_SIGN_STYLE = Automatic;
				CURRENT_PROJECT_VERSION = 1;
				DEVELOPMENT_TEAM = JCRQGL8873;
				GENERATE_INFOPLIST_FILE = YES;
				INFOPLIST_FILE = todaywidget/Info.plist;
				INFOPLIST_KEY_CFBundleDisplayName = todaywidget;
				INFOPLIST_KEY_NSHumanReadableCopyright = "";
				IPHONEOS_DEPLOYMENT_TARGET = 17.4;
				LD_RUNPATH_SEARCH_PATHS = (
					"$(inherited)",
					"@executable_path/Frameworks",
					"@executable_path/../../Frameworks",
				);
				MARKETING_VERSION = 1.0;
				PRODUCT_BUNDLE_IDENTIFIER = com.litcompany.litcal.darwin.todaywidget;
				PRODUCT_NAME = "$(TARGET_NAME)";
				SKIP_INSTALL = YES;
				SWIFT_COMPILATION_MODE = wholemodule;
				SWIFT_EMIT_LOC_STRINGS = YES;
				SWIFT_OBJC_BRIDGING_HEADER = "todaywidget/litcal-ios-Bridging-Header.h";
				SWIFT_VERSION = 5.0;
				TARGETED_DEVICE_FAMILY = "1,2";
			};
			name = Release;
		};
/* End XCBuildConfiguration section */

/* Begin XCConfigurationList section */
		5E71CCC02B6C47620010B9A7 /* Build configuration list for PBXProject "litcal-ios" */ = {
			isa = XCConfigurationList;
			buildConfigurations = (
				5E71CCF22B6C47640010B9A7 /* Debug */,
				5E71CCF32B6C47640010B9A7 /* Release */,
			);
			defaultConfigurationIsVisible = 0;
			defaultConfigurationName = Release;
		};
		5E71CCF42B6C47640010B9A7 /* Build configuration list for PBXNativeTarget "litcal-ios" */ = {
			isa = XCConfigurationList;
			buildConfigurations = (
				5E71CCF52B6C47640010B9A7 /* Debug */,
				5E71CCF62B6C47640010B9A7 /* Release */,
			);
			defaultConfigurationIsVisible = 0;
			defaultConfigurationName = Release;
		};
		5E71CCF72B6C47640010B9A7 /* Build configuration list for PBXNativeTarget "litcal-iosTests" */ = {
			isa = XCConfigurationList;
			buildConfigurations = (
				5E71CCF82B6C47640010B9A7 /* Debug */,
				5E71CCF92B6C47640010B9A7 /* Release */,
			);
			defaultConfigurationIsVisible = 0;
			defaultConfigurationName = Release;
		};
		5E71CCFA2B6C47640010B9A7 /* Build configuration list for PBXNativeTarget "litcal-iosUITests" */ = {
			isa = XCConfigurationList;
			buildConfigurations = (
				5E71CCFB2B6C47640010B9A7 /* Debug */,
				5E71CCFC2B6C47640010B9A7 /* Release */,
			);
			defaultConfigurationIsVisible = 0;
			defaultConfigurationName = Release;
		};
		5EA3470B2BB3735700E2DF5A /* Build configuration list for PBXNativeTarget "litdb" */ = {
			isa = XCConfigurationList;
			buildConfigurations = (
				5EA3470C2BB3735700E2DF5A /* Debug */,
				5EA3470D2BB3735700E2DF5A /* Release */,
			);
			defaultConfigurationIsVisible = 0;
			defaultConfigurationName = Release;
		};
		5EDBEF1C2BC0D7EA005FBAF2 /* Build configuration list for PBXNativeTarget "todaywidgetExtension" */ = {
			isa = XCConfigurationList;
			buildConfigurations = (
				5EDBEF1A2BC0D7EA005FBAF2 /* Debug */,
				5EDBEF1B2BC0D7EA005FBAF2 /* Release */,
			);
			defaultConfigurationIsVisible = 0;
			defaultConfigurationName = Release;
		};
/* End XCConfigurationList section */
	};
	rootObject = 5E71CCBD2B6C47620010B9A7 /* Project object */;
}
